// !$*UTF8*$!
{
	archiveVersion = 1;
	classes = {
	};
	objectVersion = 46;
	objects = {

/* Begin PBXBuildFile section */
		9A7948331A38C01100BB52F3 /* AppDelegate.swift in Sources */ = {isa = PBXBuildFile; fileRef = 9A7948321A38C01100BB52F3 /* AppDelegate.swift */; };
		9A7948351A38C01100BB52F3 /* ViewController.swift in Sources */ = {isa = PBXBuildFile; fileRef = 9A7948341A38C01100BB52F3 /* ViewController.swift */; };
		9A7948381A38C01100BB52F3 /* Main.storyboard in Resources */ = {isa = PBXBuildFile; fileRef = 9A7948361A38C01100BB52F3 /* Main.storyboard */; };
		9A79483A1A38C01100BB52F3 /* Images.xcassets in Resources */ = {isa = PBXBuildFile; fileRef = 9A7948391A38C01100BB52F3 /* Images.xcassets */; };
		9A79483D1A38C01100BB52F3 /* LaunchScreen.xib in Resources */ = {isa = PBXBuildFile; fileRef = 9A79483B1A38C01100BB52F3 /* LaunchScreen.xib */; };
		9A7948491A38C01100BB52F3 /* PruebaSKTests.swift in Sources */ = {isa = PBXBuildFile; fileRef = 9A7948481A38C01100BB52F3 /* PruebaSKTests.swift */; };
		9A7948531A38C0A600BB52F3 /* EscenaPrincipal.swift in Sources */ = {isa = PBXBuildFile; fileRef = 9A7948521A38C0A600BB52F3 /* EscenaPrincipal.swift */; };
		9A7948551A38C76500BB52F3 /* NuevaEscena.swift in Sources */ = {isa = PBXBuildFile; fileRef = 9A7948541A38C76500BB52F3 /* NuevaEscena.swift */; };
		9A79488A1A38E6E000BB52F3 /* fire.sks in Resources */ = {isa = PBXBuildFile; fileRef = 9A7948881A38E6E000BB52F3 /* fire.sks */; };
		9A79488B1A38E6E000BB52F3 /* spark.png in Resources */ = {isa = PBXBuildFile; fileRef = 9A7948891A38E6E000BB52F3 /* spark.png */; };
/* End PBXBuildFile section */

/* Begin PBXContainerItemProxy section */
		9A7948431A38C01100BB52F3 /* PBXContainerItemProxy */ = {
			isa = PBXContainerItemProxy;
			containerPortal = 9A7948251A38C01100BB52F3 /* Project object */;
			proxyType = 1;
			remoteGlobalIDString = 9A79482C1A38C01100BB52F3;
			remoteInfo = PruebaSK;
		};
/* End PBXContainerItemProxy section */

/* Begin PBXFileReference section */
		9A79482D1A38C01100BB52F3 /* PruebaSK.app */ = {isa = PBXFileReference; explicitFileType = wrapper.application; includeInIndex = 0; path = PruebaSK.app; sourceTree = BUILT_PRODUCTS_DIR; };
		9A7948311A38C01100BB52F3 /* Info.plist */ = {isa = PBXFileReference; lastKnownFileType = text.plist.xml; path = Info.plist; sourceTree = "<group>"; };
		9A7948321A38C01100BB52F3 /* AppDelegate.swift */ = {isa = PBXFileReference; lastKnownFileType = sourcecode.swift; path = AppDelegate.swift; sourceTree = "<group>"; };
		9A7948341A38C01100BB52F3 /* ViewController.swift */ = {isa = PBXFileReference; lastKnownFileType = sourcecode.swift; path = ViewController.swift; sourceTree = "<group>"; };
		9A7948371A38C01100BB52F3 /* Base */ = {isa = PBXFileReference; lastKnownFileType = file.storyboard; name = Base; path = Base.lproj/Main.storyboard; sourceTree = "<group>"; };
		9A7948391A38C01100BB52F3 /* Images.xcassets */ = {isa = PBXFileReference; lastKnownFileType = folder.assetcatalog; path = Images.xcassets; sourceTree = "<group>"; };
		9A79483C1A38C01100BB52F3 /* Base */ = {isa = PBXFileReference; lastKnownFileType = file.xib; name = Base; path = Base.lproj/LaunchScreen.xib; sourceTree = "<group>"; };
		9A7948421A38C01100BB52F3 /* PruebaSKTests.xctest */ = {isa = PBXFileReference; explicitFileType = wrapper.cfbundle; includeInIndex = 0; path = PruebaSKTests.xctest; sourceTree = BUILT_PRODUCTS_DIR; };
		9A7948471A38C01100BB52F3 /* Info.plist */ = {isa = PBXFileReference; lastKnownFileType = text.plist.xml; path = Info.plist; sourceTree = "<group>"; };
		9A7948481A38C01100BB52F3 /* PruebaSKTests.swift */ = {isa = PBXFileReference; lastKnownFileType = sourcecode.swift; path = PruebaSKTests.swift; sourceTree = "<group>"; };
		9A7948521A38C0A600BB52F3 /* EscenaPrincipal.swift */ = {isa = PBXFileReference; fileEncoding = 4; lastKnownFileType = sourcecode.swift; path = EscenaPrincipal.swift; sourceTree = "<group>"; };
		9A7948541A38C76500BB52F3 /* NuevaEscena.swift */ = {isa = PBXFileReference; fileEncoding = 4; lastKnownFileType = sourcecode.swift; path = NuevaEscena.swift; sourceTree = "<group>"; };
		9A7948881A38E6E000BB52F3 /* fire.sks */ = {isa = PBXFileReference; lastKnownFileType = file.sks; path = fire.sks; sourceTree = "<group>"; };
		9A7948891A38E6E000BB52F3 /* spark.png */ = {isa = PBXFileReference; lastKnownFileType = image.png; path = spark.png; sourceTree = "<group>"; };
/* End PBXFileReference section */

/* Begin PBXFrameworksBuildPhase section */
		9A79482A1A38C01100BB52F3 /* Frameworks */ = {
			isa = PBXFrameworksBuildPhase;
			buildActionMask = 2147483647;
			files = (
			);
			runOnlyForDeploymentPostprocessing = 0;
		};
		9A79483F1A38C01100BB52F3 /* Frameworks */ = {
			isa = PBXFrameworksBuildPhase;
			buildActionMask = 2147483647;
			files = (
			);
			runOnlyForDeploymentPostprocessing = 0;
		};
/* End PBXFrameworksBuildPhase section */

/* Begin PBXGroup section */
		9A7948241A38C01100BB52F3 = {
			isa = PBXGroup;
			children = (
				9A7948881A38E6E000BB52F3 /* fire.sks */,
				9A7948891A38E6E000BB52F3 /* spark.png */,
				9A79482F1A38C01100BB52F3 /* PruebaSK */,
				9A7948451A38C01100BB52F3 /* PruebaSKTests */,
				9A79482E1A38C01100BB52F3 /* Products */,
			);
			sourceTree = "<group>";
		};
		9A79482E1A38C01100BB52F3 /* Products */ = {
			isa = PBXGroup;
			children = (
				9A79482D1A38C01100BB52F3 /* PruebaSK.app */,
				9A7948421A38C01100BB52F3 /* PruebaSKTests.xctest */,
			);
			name = Products;
			sourceTree = "<group>";
		};
		9A79482F1A38C01100BB52F3 /* PruebaSK */ = {
			isa = PBXGroup;
			children = (
				9A7948321A38C01100BB52F3 /* AppDelegate.swift */,
				9A7948341A38C01100BB52F3 /* ViewController.swift */,
				9A7948521A38C0A600BB52F3 /* EscenaPrincipal.swift */,
				9A7948541A38C76500BB52F3 /* NuevaEscena.swift */,
				9A7948361A38C01100BB52F3 /* Main.storyboard */,
				9A7948391A38C01100BB52F3 /* Images.xcassets */,
				9A79483B1A38C01100BB52F3 /* LaunchScreen.xib */,
				9A7948301A38C01100BB52F3 /* Supporting Files */,
			);
			path = PruebaSK;
			sourceTree = "<group>";
		};
		9A7948301A38C01100BB52F3 /* Supporting Files */ = {
			isa = PBXGroup;
			children = (
				9A7948311A38C01100BB52F3 /* Info.plist */,
			);
			name = "Supporting Files";
			sourceTree = "<group>";
		};
		9A7948451A38C01100BB52F3 /* PruebaSKTests */ = {
			isa = PBXGroup;
			children = (
				9A7948481A38C01100BB52F3 /* PruebaSKTests.swift */,
				9A7948461A38C01100BB52F3 /* Supporting Files */,
			);
			path = PruebaSKTests;
			sourceTree = "<group>";
		};
		9A7948461A38C01100BB52F3 /* Supporting Files */ = {
			isa = PBXGroup;
			children = (
				9A7948471A38C01100BB52F3 /* Info.plist */,
			);
			name = "Supporting Files";
			sourceTree = "<group>";
		};
/* End PBXGroup section */

/* Begin PBXNativeTarget section */
		9A79482C1A38C01100BB52F3 /* PruebaSK */ = {
			isa = PBXNativeTarget;
			buildConfigurationList = 9A79484C1A38C01100BB52F3 /* Build configuration list for PBXNativeTarget "PruebaSK" */;
			buildPhases = (
				9A7948291A38C01100BB52F3 /* Sources */,
				9A79482A1A38C01100BB52F3 /* Frameworks */,
				9A79482B1A38C01100BB52F3 /* Resources */,
			);
			buildRules = (
			);
			dependencies = (
			);
			name = PruebaSK;
			productName = PruebaSK;
			productReference = 9A79482D1A38C01100BB52F3 /* PruebaSK.app */;
			productType = "com.apple.product-type.application";
		};
		9A7948411A38C01100BB52F3 /* PruebaSKTests */ = {
			isa = PBXNativeTarget;
			buildConfigurationList = 9A79484F1A38C01100BB52F3 /* Build configuration list for PBXNativeTarget "PruebaSKTests" */;
			buildPhases = (
				9A79483E1A38C01100BB52F3 /* Sources */,
				9A79483F1A38C01100BB52F3 /* Frameworks */,
				9A7948401A38C01100BB52F3 /* Resources */,
			);
			buildRules = (
			);
			dependencies = (
				9A7948441A38C01100BB52F3 /* PBXTargetDependency */,
			);
			name = PruebaSKTests;
			productName = PruebaSKTests;
			productReference = 9A7948421A38C01100BB52F3 /* PruebaSKTests.xctest */;
			productType = "com.apple.product-type.bundle.unit-test";
		};
/* End PBXNativeTarget section */

/* Begin PBXProject section */
		9A7948251A38C01100BB52F3 /* Project object */ = {
			isa = PBXProject;
			attributes = {
				LastUpgradeCheck = 0610;
				ORGANIZATIONNAME = Berganza;
				TargetAttributes = {
					9A79482C1A38C01100BB52F3 = {
						CreatedOnToolsVersion = 6.1.1;
					};
					9A7948411A38C01100BB52F3 = {
						CreatedOnToolsVersion = 6.1.1;
						TestTargetID = 9A79482C1A38C01100BB52F3;
					};
				};
			};
			buildConfigurationList = 9A7948281A38C01100BB52F3 /* Build configuration list for PBXProject "PruebaSK" */;
			compatibilityVersion = "Xcode 3.2";
			developmentRegion = English;
			hasScannedForEncodings = 0;
			knownRegions = (
				en,
				Base,
			);
			mainGroup = 9A7948241A38C01100BB52F3;
			productRefGroup = 9A79482E1A38C01100BB52F3 /* Products */;
			projectDirPath = "";
			projectRoot = "";
			targets = (
				9A79482C1A38C01100BB52F3 /* PruebaSK */,
				9A7948411A38C01100BB52F3 /* PruebaSKTests */,
			);
		};
/* End PBXProject section */

/* Begin PBXResourcesBuildPhase section */
		9A79482B1A38C01100BB52F3 /* Resources */ = {
			isa = PBXResourcesBuildPhase;
			buildActionMask = 2147483647;
			files = (
				9A79488B1A38E6E000BB52F3 /* spark.png in Resources */,
				9A7948381A38C01100BB52F3 /* Main.storyboard in Resources */,
				9A79488A1A38E6E000BB52F3 /* fire.sks in Resources */,
				9A79483D1A38C01100BB52F3 /* LaunchScreen.xib in Resources */,
				9A79483A1A38C01100BB52F3 /* Images.xcassets in Resources */,
			);
			runOnlyForDeploymentPostprocessing = 0;
		};
		9A7948401A38C01100BB52F3 /* Resources */ = {
			isa = PBXResourcesBuildPhase;
			buildActionMask = 2147483647;
			files = (
			);
			runOnlyForDeploymentPostprocessing = 0;
		};
/* End PBXResourcesBuildPhase section */

/* Begin PBXSourcesBuildPhase section */
		9A7948291A38C01100BB52F3 /* Sources */ = {
			isa = PBXSourcesBuildPhase;
			buildActionMask = 2147483647;
			files = (
				9A7948531A38C0A600BB52F3 /* EscenaPrincipal.swift in Sources */,
				9A7948351A38C01100BB52F3 /* ViewController.swift in Sources */,
				9A7948551A38C76500BB52F3 /* NuevaEscena.swift in Sources */,
				9A7948331A38C01100BB52F3 /* AppDelegate.swift in Sources */,
			);
			runOnlyForDeploymentPostprocessing = 0;
		};
		9A79483E1A38C01100BB52F3 /* Sources */ = {
			isa = PBXSourcesBuildPhase;
			buildActionMask = 2147483647;
			files = (
				9A7948491A38C01100BB52F3 /* PruebaSKTests.swift in Sources */,
			);
			runOnlyForDeploymentPostprocessing = 0;
		};
/* End PBXSourcesBuildPhase section */

/* Begin PBXTargetDependency section */
		9A7948441A38C01100BB52F3 /* PBXTargetDependency */ = {
			isa = PBXTargetDependency;
			target = 9A79482C1A38C01100BB52F3 /* PruebaSK */;
			targetProxy = 9A7948431A38C01100BB52F3 /* PBXContainerItemProxy */;
		};
/* End PBXTargetDependency section */

/* Begin PBXVariantGroup section */
		9A7948361A38C01100BB52F3 /* Main.storyboard */ = {
			isa = PBXVariantGroup;
			children = (
				9A7948371A38C01100BB52F3 /* Base */,
			);
			name = Main.storyboard;
			sourceTree = "<group>";
		};
		9A79483B1A38C01100BB52F3 /* LaunchScreen.xib */ = {
			isa = PBXVariantGroup;
			children = (
				9A79483C1A38C01100BB52F3 /* Base */,
			);
			name = LaunchScreen.xib;
			sourceTree = "<group>";
		};
/* End PBXVariantGroup section */

/* Begin XCBuildConfiguration section */
		9A79484A1A38C01100BB52F3 /* Debug */ = {
			isa = XCBuildConfiguration;
			buildSettings = {
				ALWAYS_SEARCH_USER_PATHS = NO;
				CLANG_CXX_LANGUAGE_STANDARD = "gnu++0x";
				CLANG_CXX_LIBRARY = "libc++";
				CLANG_ENABLE_MODULES = YES;
				CLANG_ENABLE_OBJC_ARC = YES;
				CLANG_WARN_BOOL_CONVERSION = YES;
				CLANG_WARN_CONSTANT_CONVERSION = YES;
				CLANG_WARN_DIRECT_OBJC_ISA_USAGE = YES_ERROR;
				CLANG_WARN_EMPTY_BODY = YES;
				CLANG_WARN_ENUM_CONVERSION = YES;
				CLANG_WARN_INT_CONVERSION = YES;
				CLANG_WARN_OBJC_ROOT_CLASS = YES_ERROR;
				CLANG_WARN_UNREACHABLE_CODE = YES;
				CLANG_WARN__DUPLICATE_METHOD_MATCH = YES;
				"CODE_SIGN_IDENTITY[sdk=iphoneos*]" = "iPhone Developer";
				COPY_PHASE_STRIP = NO;
				ENABLE_STRICT_OBJC_MSGSEND = YES;
				GCC_C_LANGUAGE_STANDARD = gnu99;
				GCC_DYNAMIC_NO_PIC = NO;
				GCC_OPTIMIZATION_LEVEL = 0;
				GCC_PREPROCESSOR_DEFINITIONS = (
					"DEBUG=1",
					"$(inherited)",
				);
				GCC_SYMBOLS_PRIVATE_EXTERN = NO;
				GCC_WARN_64_TO_32_BIT_CONVERSION = YES;
				GCC_WARN_ABOUT_RETURN_TYPE = YES_ERROR;
				GCC_WARN_UNDECLARED_SELECTOR = YES;
				GCC_WARN_UNINITIALIZED_AUTOS = YES_AGGRESSIVE;
				GCC_WARN_UNUSED_FUNCTION = YES;
				GCC_WARN_UNUSED_VARIABLE = YES;
				IPHONEOS_DEPLOYMENT_TARGET = 8.1;
				MTL_ENABLE_DEBUG_INFO = YES;
				ONLY_ACTIVE_ARCH = YES;
				SDKROOT = iphoneos;
				SWIFT_OPTIMIZATION_LEVEL = "-Onone";
				TARGETED_DEVICE_FAMILY = "1,2";
			};
			name = Debug;
		};
		9A79484B1A38C01100BB52F3 /* Release */ = {
			isa = XCBuildConfiguration;
			buildSettings = {
				ALWAYS_SEARCH_USER_PATHS = NO;
				CLANG_CXX_LANGUAGE_STANDARD = "gnu++0x";
				CLANG_CXX_LIBRARY = "libc++";
				CLANG_ENABLE_MODULES = YES;
				CLANG_ENABLE_OBJC_ARC = YES;
				CLANG_WARN_BOOL_CONVERSION = YES;
				CLANG_WARN_CONSTANT_CONVERSION = YES;
				CLANG_WARN_DIRECT_OBJC_ISA_USAGE = YES_ERROR;
				CLANG_WARN_EMPTY_BODY = YES;
				CLANG_WARN_ENUM_CONVERSION = YES;
				CLANG_WARN_INT_CONVERSION = YES;
				CLANG_WARN_OBJC_ROOT_CLASS = YES_ERROR;
				CLANG_WARN_UNREACHABLE_CODE = YES;
				CLANG_WARN__DUPLICATE_METHOD_MATCH = YES;
				"CODE_SIGN_IDENTITY[sdk=iphoneos*]" = "iPhone Developer";
				COPY_PHASE_STRIP = YES;
				ENABLE_NS_ASSERTIONS = NO;
				ENABLE_STRICT_OBJC_MSGSEND = YES;
				GCC_C_LANGUAGE_STANDARD = gnu99;
				GCC_WARN_64_TO_32_BIT_CONVERSION = YES;
				GCC_WARN_ABOUT_RETURN_TYPE = YES_ERROR;
				GCC_WARN_UNDECLARED_SELECTOR = YES;
				GCC_WARN_UNINITIALIZED_AUTOS = YES_AGGRESSIVE;
				GCC_WARN_UNUSED_FUNCTION = YES;
				GCC_WARN_UNUSED_VARIABLE = YES;
				IPHONEOS_DEPLOYMENT_TARGET = 8.1;
				MTL_ENABLE_DEBUG_INFO = NO;
				SDKROOT = iphoneos;
				TARGETED_DEVICE_FAMILY = "1,2";
				VALIDATE_PRODUCT = YES;
			};
			name = Release;
		};
		9A79484D1A38C01100BB52F3 /* Debug */ = {
			isa = XCBuildConfiguration;
			buildSettings = {
				ASSETCATALOG_COMPILER_APPICON_NAME = AppIcon;
				INFOPLIST_FILE = PruebaSK/Info.plist;
				LD_RUNPATH_SEARCH_PATHS = "$(inherited) @executable_path/Frameworks";
				PRODUCT_NAME = "$(TARGET_NAME)";
			};
			name = Debug;
		};
		9A79484E1A38C01100BB52F3 /* Release */ = {
			isa = XCBuildConfiguration;
			buildSettings = {
				ASSETCATALOG_COMPILER_APPICON_NAME = AppIcon;
				INFOPLIST_FILE = PruebaSK/Info.plist;
				LD_RUNPATH_SEARCH_PATHS = "$(inherited) @executable_path/Frameworks";
				PRODUCT_NAME = "$(TARGET_NAME)";
			};
			name = Release;
		};
		9A7948501A38C01100BB52F3 /* Debug */ = {
			isa = XCBuildConfiguration;
			buildSettings = {
				BUNDLE_LOADER = "$(TEST_HOST)";
				FRAMEWORK_SEARCH_PATHS = (
					"$(SDKROOT)/Developer/Library/Frameworks",
					"$(inherited)",
				);
				GCC_PREPROCESSOR_DEFINITIONS = (
					"DEBUG=1",
					"$(inherited)",
				);
				INFOPLIST_FILE = PruebaSKTests/Info.plist;
				LD_RUNPATH_SEARCH_PATHS = "$(inherited) @executable_path/Frameworks @loader_path/Frameworks";
				PRODUCT_NAME = "$(TARGET_NAME)";
				TEST_HOST = "$(BUILT_PRODUCTS_DIR)/PruebaSK.app/PruebaSK";
			};
			name = Debug;
		};
		9A7948511A38C01100BB52F3 /* Release */ = {
			isa = XCBuildConfiguration;
			buildSettings = {
				BUNDLE_LOADER = "$(TEST_HOST)";
				FRAMEWORK_SEARCH_PATHS = (
					"$(SDKROOT)/Developer/Library/Frameworks",
					"$(inherited)",
				);
				INFOPLIST_FILE = PruebaSKTests/Info.plist;
				LD_RUNPATH_SEARCH_PATHS = "$(inherited) @executable_path/Frameworks @loader_path/Frameworks";
				PRODUCT_NAME = "$(TARGET_NAME)";
				TEST_HOST = "$(BUILT_PRODUCTS_DIR)/PruebaSK.app/PruebaSK";
			};
			name = Release;
		};
/* End XCBuildConfiguration section */

/* Begin XCConfigurationList section */
		9A7948281A38C01100BB52F3 /* Build configuration list for PBXProject "PruebaSK" */ = {
			isa = XCConfigurationList;
			buildConfigurations = (
				9A79484A1A38C01100BB52F3 /* Debug */,
				9A79484B1A38C01100BB52F3 /* Release */,
			);
			defaultConfigurationIsVisible = 0;
			defaultConfigurationName = Release;
		};
		9A79484C1A38C01100BB52F3 /* Build configuration list for PBXNativeTarget "PruebaSK" */ = {
			isa = XCConfigurationList;
			buildConfigurations = (
				9A79484D1A38C01100BB52F3 /* Debug */,
				9A79484E1A38C01100BB52F3 /* Release */,
			);
			defaultConfigurationIsVisible = 0;
			defaultConfigurationName = Release;
		};
		9A79484F1A38C01100BB52F3 /* Build configuration list for PBXNativeTarget "PruebaSKTests" */ = {
			isa = XCConfigurationList;
			buildConfigurations = (
				9A7948501A38C01100BB52F3 /* Debug */,
				9A7948511A38C01100BB52F3 /* Release */,
			);
			defaultConfigurationIsVisible = 0;
			defaultConfigurationName = Release;
		};
/* End XCConfigurationList section */
	};
	rootObject = 9A7948251A38C01100BB52F3 /* Project object */;
}
